// !$*UTF8*$!
{
	archiveVersion = 1;
	classes = {
	};
	objectVersion = 55;
	objects = {

/* Begin PBXBuildFile section */
		24A9BE632836B00C0094AB1D /* BestScene.swift in Sources */ = {isa = PBXBuildFile; fileRef = 24A9BE622836B00C0094AB1D /* BestScene.swift */; };
		24A9BE662836B8260094AB1D /* EnemyExplosion.sks in Resources */ = {isa = PBXBuildFile; fileRef = 24A9BE642836B8260094AB1D /* EnemyExplosion.sks */; };
		24A9BE672836B8260094AB1D /* Assets.xcassets in Resources */ = {isa = PBXBuildFile; fileRef = 24A9BE652836B8260094AB1D /* Assets.xcassets */; };
		24D0B258281E5BA300F5C643 /* AppDelegate.swift in Sources */ = {isa = PBXBuildFile; fileRef = 24D0B257281E5BA300F5C643 /* AppDelegate.swift */; };
		24D0B25E281E5BA300F5C643 /* GameScene.swift in Sources */ = {isa = PBXBuildFile; fileRef = 24D0B25D281E5BA300F5C643 /* GameScene.swift */; };
		24D0B260281E5BA300F5C643 /* GameViewController.swift in Sources */ = {isa = PBXBuildFile; fileRef = 24D0B25F281E5BA300F5C643 /* GameViewController.swift */; };
		24D0B263281E5BA300F5C643 /* Main.storyboard in Resources */ = {isa = PBXBuildFile; fileRef = 24D0B261281E5BA300F5C643 /* Main.storyboard */; };
		24D0B265281E5BA500F5C643 /* Assets.xcassets in Resources */ = {isa = PBXBuildFile; fileRef = 24D0B264281E5BA500F5C643 /* Assets.xcassets */; };
		24D0B268281E5BA500F5C643 /* LaunchScreen.storyboard in Resources */ = {isa = PBXBuildFile; fileRef = 24D0B266281E5BA500F5C643 /* LaunchScreen.storyboard */; };
		24D0B26F281E614700F5C643 /* Backgound.swift in Sources */ = {isa = PBXBuildFile; fileRef = 24D0B26E281E614700F5C643 /* Backgound.swift */; };
		24D0B271281EAD8200F5C643 /* Island.swift in Sources */ = {isa = PBXBuildFile; fileRef = 24D0B270281EAD8200F5C643 /* Island.swift */; };
		24D0B273281EB3FC00F5C643 /* Cloud.swift in Sources */ = {isa = PBXBuildFile; fileRef = 24D0B272281EB3FC00F5C643 /* Cloud.swift */; };
		24D0B275281EB86900F5C643 /* GameBackgroundSpritable + Extension.swift in Sources */ = {isa = PBXBuildFile; fileRef = 24D0B274281EB86900F5C643 /* GameBackgroundSpritable + Extension.swift */; };
		24D0B277281EED7500F5C643 /* PlayerPlane.swift in Sources */ = {isa = PBXBuildFile; fileRef = 24D0B276281EED7500F5C643 /* PlayerPlane.swift */; };
		24D0B279281EEFBB00F5C643 /* PlayerPlane.atlas in Resources */ = {isa = PBXBuildFile; fileRef = 24D0B278281EEFBA00F5C643 /* PlayerPlane.atlas */; };
		24EE6C44282D84F2003164A4 /* Assets.swift in Sources */ = {isa = PBXBuildFile; fileRef = 24EE6C43282D84F2003164A4 /* Assets.swift */; };
		24EE6C46282D8C12003164A4 /* MenuScene.swift in Sources */ = {isa = PBXBuildFile; fileRef = 24EE6C45282D8C12003164A4 /* MenuScene.swift */; };
		24F20F0D283BF7980078E221 /* GameOverScene.swift in Sources */ = {isa = PBXBuildFile; fileRef = 24F20F0C283BF7980078E221 /* GameOverScene.swift */; };
		24F25FEC2832D4C1009E910F /* HUD.swift in Sources */ = {isa = PBXBuildFile; fileRef = 24F25FEB2832D4C1009E910F /* HUD.swift */; };
		24F25FF42832D9B2009E910F /* ButtonNode.swift in Sources */ = {isa = PBXBuildFile; fileRef = 24F25FF32832D9B2009E910F /* ButtonNode.swift */; };
		24F3C2AC282C35AD007CE541 /* BluePowerUp.atlas in Resources */ = {isa = PBXBuildFile; fileRef = 24F3C2AB282C35AD007CE541 /* BluePowerUp.atlas */; };
		24F3C2AE282C3624007CE541 /* BluePowerUp.swift in Sources */ = {isa = PBXBuildFile; fileRef = 24F3C2AD282C3624007CE541 /* BluePowerUp.swift */; };
		24F3C2B0282C3634007CE541 /* GreenPowerUp.swift in Sources */ = {isa = PBXBuildFile; fileRef = 24F3C2AF282C3634007CE541 /* GreenPowerUp.swift */; };
		24F3C2B2282C3B25007CE541 /* YellowAmmo.atlas in Resources */ = {isa = PBXBuildFile; fileRef = 24F3C2B1282C3B25007CE541 /* YellowAmmo.atlas */; };
		24F3C2B5282C3BFC007CE541 /* Shot.swift in Sources */ = {isa = PBXBuildFile; fileRef = 24F3C2B4282C3BFC007CE541 /* Shot.swift */; };
		24F3C2B7282C3DCB007CE541 /* YellowShot.swift in Sources */ = {isa = PBXBuildFile; fileRef = 24F3C2B6282C3DCB007CE541 /* YellowShot.swift */; };
		24F455DE28354DFE002DDED5 /* PauseScene.swift in Sources */ = {isa = PBXBuildFile; fileRef = 24F455DD28354DFE002DDED5 /* PauseScene.swift */; };
		24F455E028355156002DDED5 /* SceneManager.swift in Sources */ = {isa = PBXBuildFile; fileRef = 24F455DF28355156002DDED5 /* SceneManager.swift */; };
		24F455E228355C87002DDED5 /* ParentScene.swift in Sources */ = {isa = PBXBuildFile; fileRef = 24F455E128355C87002DDED5 /* ParentScene.swift */; };
		24F455E428355FA4002DDED5 /* OptionsScene.swift in Sources */ = {isa = PBXBuildFile; fileRef = 24F455E328355FA4002DDED5 /* OptionsScene.swift */; };
		24F5096628297916003C60DA /* PowerUp.swift in Sources */ = {isa = PBXBuildFile; fileRef = 24F5096528297916003C60DA /* PowerUp.swift */; };
		24F50968282979AD003C60DA /* GreenPowerUp.atlas in Resources */ = {isa = PBXBuildFile; fileRef = 24F50967282979AD003C60DA /* GreenPowerUp.atlas */; };
		24F5096A2829842A003C60DA /* Enemy.swift in Sources */ = {isa = PBXBuildFile; fileRef = 24F509692829842A003C60DA /* Enemy.swift */; };
		24F5096C28298489003C60DA /* Enemy_1.atlas in Resources */ = {isa = PBXBuildFile; fileRef = 24F5096B28298489003C60DA /* Enemy_1.atlas */; };
		24F5096E28299071003C60DA /* Enemy_2.atlas in Resources */ = {isa = PBXBuildFile; fileRef = 24F5096D28299071003C60DA /* Enemy_2.atlas */; };
		24FF9D3328310E4D00BACAD6 /* BitMaskCategory.swift in Sources */ = {isa = PBXBuildFile; fileRef = 24FF9D3228310E4D00BACAD6 /* BitMaskCategory.swift */; };
/* End PBXBuildFile section */

/* Begin PBXFileReference section */
		24A9BE622836B00C0094AB1D /* BestScene.swift */ = {isa = PBXFileReference; lastKnownFileType = sourcecode.swift; path = BestScene.swift; sourceTree = "<group>"; };
		24A9BE642836B8260094AB1D /* EnemyExplosion.sks */ = {isa = PBXFileReference; lastKnownFileType = file.sks; path = EnemyExplosion.sks; sourceTree = "<group>"; };
		24A9BE652836B8260094AB1D /* Assets.xcassets */ = {isa = PBXFileReference; lastKnownFileType = folder.assetcatalog; path = Assets.xcassets; sourceTree = "<group>"; };
		24D0B254281E5BA300F5C643 /* WarFly.app */ = {isa = PBXFileReference; explicitFileType = wrapper.application; includeInIndex = 0; path = WarFly.app; sourceTree = BUILT_PRODUCTS_DIR; };
		24D0B257281E5BA300F5C643 /* AppDelegate.swift */ = {isa = PBXFileReference; lastKnownFileType = sourcecode.swift; path = AppDelegate.swift; sourceTree = "<group>"; };
		24D0B25D281E5BA300F5C643 /* GameScene.swift */ = {isa = PBXFileReference; lastKnownFileType = sourcecode.swift; path = GameScene.swift; sourceTree = "<group>"; };
		24D0B25F281E5BA300F5C643 /* GameViewController.swift */ = {isa = PBXFileReference; lastKnownFileType = sourcecode.swift; path = GameViewController.swift; sourceTree = "<group>"; };
		24D0B262281E5BA300F5C643 /* Base */ = {isa = PBXFileReference; lastKnownFileType = file.storyboard; name = Base; path = Base.lproj/Main.storyboard; sourceTree = "<group>"; };
		24D0B264281E5BA500F5C643 /* Assets.xcassets */ = {isa = PBXFileReference; lastKnownFileType = folder.assetcatalog; path = Assets.xcassets; sourceTree = "<group>"; };
		24D0B267281E5BA500F5C643 /* Base */ = {isa = PBXFileReference; lastKnownFileType = file.storyboard; name = Base; path = Base.lproj/LaunchScreen.storyboard; sourceTree = "<group>"; };
		24D0B26E281E614700F5C643 /* Backgound.swift */ = {isa = PBXFileReference; lastKnownFileType = sourcecode.swift; path = Backgound.swift; sourceTree = "<group>"; };
		24D0B270281EAD8200F5C643 /* Island.swift */ = {isa = PBXFileReference; lastKnownFileType = sourcecode.swift; path = Island.swift; sourceTree = "<group>"; };
		24D0B272281EB3FC00F5C643 /* Cloud.swift */ = {isa = PBXFileReference; lastKnownFileType = sourcecode.swift; path = Cloud.swift; sourceTree = "<group>"; };
		24D0B274281EB86900F5C643 /* GameBackgroundSpritable + Extension.swift */ = {isa = PBXFileReference; lastKnownFileType = sourcecode.swift; path = "GameBackgroundSpritable + Extension.swift"; sourceTree = "<group>"; };
		24D0B276281EED7500F5C643 /* PlayerPlane.swift */ = {isa = PBXFileReference; lastKnownFileType = sourcecode.swift; path = PlayerPlane.swift; sourceTree = "<group>"; };
		24D0B278281EEFBA00F5C643 /* PlayerPlane.atlas */ = {isa = PBXFileReference; lastKnownFileType = folder.skatlas; path = PlayerPlane.atlas; sourceTree = "<group>"; };
		24EE6C43282D84F2003164A4 /* Assets.swift */ = {isa = PBXFileReference; lastKnownFileType = sourcecode.swift; path = Assets.swift; sourceTree = "<group>"; };
		24EE6C45282D8C12003164A4 /* MenuScene.swift */ = {isa = PBXFileReference; lastKnownFileType = sourcecode.swift; path = MenuScene.swift; sourceTree = "<group>"; };
		24F20F0C283BF7980078E221 /* GameOverScene.swift */ = {isa = PBXFileReference; lastKnownFileType = sourcecode.swift; path = GameOverScene.swift; sourceTree = "<group>"; };
		24F25FEB2832D4C1009E910F /* HUD.swift */ = {isa = PBXFileReference; lastKnownFileType = sourcecode.swift; path = HUD.swift; sourceTree = "<group>"; };
		24F25FF32832D9B2009E910F /* ButtonNode.swift */ = {isa = PBXFileReference; lastKnownFileType = sourcecode.swift; name = ButtonNode.swift; path = WarFly/Classes/ButtonNode.swift; sourceTree = SOURCE_ROOT; };
		24F3C2AB282C35AD007CE541 /* BluePowerUp.atlas */ = {isa = PBXFileReference; lastKnownFileType = folder.skatlas; path = BluePowerUp.atlas; sourceTree = "<group>"; };
		24F3C2AD282C3624007CE541 /* BluePowerUp.swift */ = {isa = PBXFileReference; lastKnownFileType = sourcecode.swift; path = BluePowerUp.swift; sourceTree = "<group>"; };
		24F3C2AF282C3634007CE541 /* GreenPowerUp.swift */ = {isa = PBXFileReference; lastKnownFileType = sourcecode.swift; path = GreenPowerUp.swift; sourceTree = "<group>"; };
		24F3C2B1282C3B25007CE541 /* YellowAmmo.atlas */ = {isa = PBXFileReference; lastKnownFileType = folder.skatlas; path = YellowAmmo.atlas; sourceTree = "<group>"; };
		24F3C2B4282C3BFC007CE541 /* Shot.swift */ = {isa = PBXFileReference; lastKnownFileType = sourcecode.swift; path = Shot.swift; sourceTree = "<group>"; };
		24F3C2B6282C3DCB007CE541 /* YellowShot.swift */ = {isa = PBXFileReference; lastKnownFileType = sourcecode.swift; path = YellowShot.swift; sourceTree = "<group>"; };
		24F455DD28354DFE002DDED5 /* PauseScene.swift */ = {isa = PBXFileReference; lastKnownFileType = sourcecode.swift; path = PauseScene.swift; sourceTree = "<group>"; };
		24F455DF28355156002DDED5 /* SceneManager.swift */ = {isa = PBXFileReference; lastKnownFileType = sourcecode.swift; path = SceneManager.swift; sourceTree = "<group>"; };
		24F455E128355C87002DDED5 /* ParentScene.swift */ = {isa = PBXFileReference; lastKnownFileType = sourcecode.swift; path = ParentScene.swift; sourceTree = "<group>"; };
		24F455E328355FA4002DDED5 /* OptionsScene.swift */ = {isa = PBXFileReference; lastKnownFileType = sourcecode.swift; path = OptionsScene.swift; sourceTree = "<group>"; };
		24F5096528297916003C60DA /* PowerUp.swift */ = {isa = PBXFileReference; lastKnownFileType = sourcecode.swift; path = PowerUp.swift; sourceTree = "<group>"; };
		24F50967282979AD003C60DA /* GreenPowerUp.atlas */ = {isa = PBXFileReference; lastKnownFileType = folder.skatlas; path = GreenPowerUp.atlas; sourceTree = "<group>"; };
		24F509692829842A003C60DA /* Enemy.swift */ = {isa = PBXFileReference; lastKnownFileType = sourcecode.swift; path = Enemy.swift; sourceTree = "<group>"; };
		24F5096B28298489003C60DA /* Enemy_1.atlas */ = {isa = PBXFileReference; lastKnownFileType = folder.skatlas; path = Enemy_1.atlas; sourceTree = "<group>"; };
		24F5096D28299071003C60DA /* Enemy_2.atlas */ = {isa = PBXFileReference; lastKnownFileType = folder.skatlas; path = Enemy_2.atlas; sourceTree = "<group>"; };
		24FF9D3228310E4D00BACAD6 /* BitMaskCategory.swift */ = {isa = PBXFileReference; lastKnownFileType = sourcecode.swift; path = BitMaskCategory.swift; sourceTree = "<group>"; };
/* End PBXFileReference section */

/* Begin PBXFrameworksBuildPhase section */
		24D0B251281E5BA300F5C643 /* Frameworks */ = {
			isa = PBXFrameworksBuildPhase;
			buildActionMask = 2147483647;
			files = (
			);
			runOnlyForDeploymentPostprocessing = 0;
		};
/* End PBXFrameworksBuildPhase section */

/* Begin PBXGroup section */
		24A9BE682836B8320094AB1D /* Particles */ = {
			isa = PBXGroup;
			children = (
				24A9BE642836B8260094AB1D /* EnemyExplosion.sks */,
			);
			path = Particles;
			sourceTree = "<group>";
		};
		24D0B24B281E5BA300F5C643 = {
			isa = PBXGroup;
			children = (
				24D0B256281E5BA300F5C643 /* WarFly */,
				24D0B255281E5BA300F5C643 /* Products */,
			);
			sourceTree = "<group>";
		};
		24D0B255281E5BA300F5C643 /* Products */ = {
			isa = PBXGroup;
			children = (
				24D0B254281E5BA300F5C643 /* WarFly.app */,
			);
			name = Products;
			sourceTree = "<group>";
		};
		24D0B256281E5BA300F5C643 /* WarFly */ = {
			isa = PBXGroup;
			children = (
				24A9BE682836B8320094AB1D /* Particles */,
				24F25FF22832D6E8009E910F /* Scenes */,
				24F25FF12832D6D9009E910F /* Managers */,
				24F25FF02832D6C5009E910F /* Classes */,
				24F25FEF2832D678009E910F /* Protocols + Extensions */,
				24F25FEE2832D665009E910F /* Controllers */,
				24F25FED2832D650009E910F /* Supporting files */,
				24F3C2B3282C3BD8007CE541 /* Atlases */,
			);
			path = WarFly;
			sourceTree = "<group>";
		};
		24F25FED2832D650009E910F /* Supporting files */ = {
			isa = PBXGroup;
			children = (
				24D0B257281E5BA300F5C643 /* AppDelegate.swift */,
				24D0B261281E5BA300F5C643 /* Main.storyboard */,
				24D0B264281E5BA500F5C643 /* Assets.xcassets */,
				24D0B266281E5BA500F5C643 /* LaunchScreen.storyboard */,
			);
			path = "Supporting files";
			sourceTree = "<group>";
		};
		24F25FEE2832D665009E910F /* Controllers */ = {
			isa = PBXGroup;
			children = (
				24D0B25F281E5BA300F5C643 /* GameViewController.swift */,
			);
			path = Controllers;
			sourceTree = "<group>";
		};
		24F25FEF2832D678009E910F /* Protocols + Extensions */ = {
			isa = PBXGroup;
			children = (
				24D0B274281EB86900F5C643 /* GameBackgroundSpritable + Extension.swift */,
			);
			path = "Protocols + Extensions";
			sourceTree = "<group>";
		};
		24F25FF02832D6C5009E910F /* Classes */ = {
			isa = PBXGroup;
			children = (
				24F25FF32832D9B2009E910F /* ButtonNode.swift */,
				24F25FEB2832D4C1009E910F /* HUD.swift */,
				24F3C2AF282C3634007CE541 /* GreenPowerUp.swift */,
				24F3C2AD282C3624007CE541 /* BluePowerUp.swift */,
				24D0B26E281E614700F5C643 /* Backgound.swift */,
				24D0B270281EAD8200F5C643 /* Island.swift */,
				24D0B272281EB3FC00F5C643 /* Cloud.swift */,
				24D0B276281EED7500F5C643 /* PlayerPlane.swift */,
				24F509692829842A003C60DA /* Enemy.swift */,
				24F5096528297916003C60DA /* PowerUp.swift */,
				24F3C2B4282C3BFC007CE541 /* Shot.swift */,
				24F3C2B6282C3DCB007CE541 /* YellowShot.swift */,
			);
			path = Classes;
			sourceTree = "<group>";
		};
		24F25FF12832D6D9009E910F /* Managers */ = {
			isa = PBXGroup;
			children = (
				24EE6C43282D84F2003164A4 /* Assets.swift */,
				24F455DF28355156002DDED5 /* SceneManager.swift */,
				24FF9D3228310E4D00BACAD6 /* BitMaskCategory.swift */,
			);
			path = Managers;
			sourceTree = "<group>";
		};
		24F25FF22832D6E8009E910F /* Scenes */ = {
			isa = PBXGroup;
			children = (
				24EE6C45282D8C12003164A4 /* MenuScene.swift */,
				24A9BE622836B00C0094AB1D /* BestScene.swift */,
				24F455DD28354DFE002DDED5 /* PauseScene.swift */,
				24F455E328355FA4002DDED5 /* OptionsScene.swift */,
				24F455E128355C87002DDED5 /* ParentScene.swift */,
				24D0B25D281E5BA300F5C643 /* GameScene.swift */,
				24F20F0C283BF7980078E221 /* GameOverScene.swift */,
				24A9BE652836B8260094AB1D /* Assets.xcassets */,
			);
			path = Scenes;
			sourceTree = "<group>";
		};
		24F3C2B3282C3BD8007CE541 /* Atlases */ = {
			isa = PBXGroup;
			children = (
				24F5096B28298489003C60DA /* Enemy_1.atlas */,
				24F5096D28299071003C60DA /* Enemy_2.atlas */,
				24F50967282979AD003C60DA /* GreenPowerUp.atlas */,
				24F3C2AB282C35AD007CE541 /* BluePowerUp.atlas */,
				24F3C2B1282C3B25007CE541 /* YellowAmmo.atlas */,
				24D0B278281EEFBA00F5C643 /* PlayerPlane.atlas */,
			);
			path = Atlases;
			sourceTree = "<group>";
		};
/* End PBXGroup section */

/* Begin PBXNativeTarget section */
		24D0B253281E5BA300F5C643 /* WarFly */ = {
			isa = PBXNativeTarget;
			buildConfigurationList = 24D0B26B281E5BA500F5C643 /* Build configuration list for PBXNativeTarget "WarFly" */;
			buildPhases = (
				24D0B250281E5BA300F5C643 /* Sources */,
				24D0B251281E5BA300F5C643 /* Frameworks */,
				24D0B252281E5BA300F5C643 /* Resources */,
			);
			buildRules = (
			);
			dependencies = (
			);
			name = WarFly;
			productName = WarFly;
			productReference = 24D0B254281E5BA300F5C643 /* WarFly.app */;
			productType = "com.apple.product-type.application";
		};
/* End PBXNativeTarget section */

/* Begin PBXProject section */
		24D0B24C281E5BA300F5C643 /* Project object */ = {
			isa = PBXProject;
			attributes = {
				BuildIndependentTargetsInParallel = 1;
				LastSwiftUpdateCheck = 1330;
				LastUpgradeCheck = 1330;
				TargetAttributes = {
					24D0B253281E5BA300F5C643 = {
						CreatedOnToolsVersion = 13.3.1;
					};
				};
			};
			buildConfigurationList = 24D0B24F281E5BA300F5C643 /* Build configuration list for PBXProject "WarFly" */;
			compatibilityVersion = "Xcode 13.0";
			developmentRegion = en;
			hasScannedForEncodings = 0;
			knownRegions = (
				en,
				Base,
			);
			mainGroup = 24D0B24B281E5BA300F5C643;
			productRefGroup = 24D0B255281E5BA300F5C643 /* Products */;
			projectDirPath = "";
			projectRoot = "";
			targets = (
				24D0B253281E5BA300F5C643 /* WarFly */,
			);
		};
/* End PBXProject section */

/* Begin PBXResourcesBuildPhase section */
		24D0B252281E5BA300F5C643 /* Resources */ = {
			isa = PBXResourcesBuildPhase;
			buildActionMask = 2147483647;
			files = (
				24F5096E28299071003C60DA /* Enemy_2.atlas in Resources */,
				24F5096C28298489003C60DA /* Enemy_1.atlas in Resources */,
				24A9BE672836B8260094AB1D /* Assets.xcassets in Resources */,
				24D0B263281E5BA300F5C643 /* Main.storyboard in Resources */,
				24F3C2B2282C3B25007CE541 /* YellowAmmo.atlas in Resources */,
				24F50968282979AD003C60DA /* GreenPowerUp.atlas in Resources */,
				24D0B279281EEFBB00F5C643 /* PlayerPlane.atlas in Resources */,
				24A9BE662836B8260094AB1D /* EnemyExplosion.sks in Resources */,
				24D0B265281E5BA500F5C643 /* Assets.xcassets in Resources */,
				24F3C2AC282C35AD007CE541 /* BluePowerUp.atlas in Resources */,
				24D0B268281E5BA500F5C643 /* LaunchScreen.storyboard in Resources */,
			);
			runOnlyForDeploymentPostprocessing = 0;
		};
/* End PBXResourcesBuildPhase section */

/* Begin PBXSourcesBuildPhase section */
		24D0B250281E5BA300F5C643 /* Sources */ = {
			isa = PBXSourcesBuildPhase;
			buildActionMask = 2147483647;
			files = (
				24D0B275281EB86900F5C643 /* GameBackgroundSpritable + Extension.swift in Sources */,
				24F3C2B7282C3DCB007CE541 /* YellowShot.swift in Sources */,
				24D0B277281EED7500F5C643 /* PlayerPlane.swift in Sources */,
				24D0B26F281E614700F5C643 /* Backgound.swift in Sources */,
				24D0B273281EB3FC00F5C643 /* Cloud.swift in Sources */,
				24F3C2AE282C3624007CE541 /* BluePowerUp.swift in Sources */,
				24D0B25E281E5BA300F5C643 /* GameScene.swift in Sources */,
				24D0B260281E5BA300F5C643 /* GameViewController.swift in Sources */,
				24EE6C44282D84F2003164A4 /* Assets.swift in Sources */,
				24F5096A2829842A003C60DA /* Enemy.swift in Sources */,
				24F20F0D283BF7980078E221 /* GameOverScene.swift in Sources */,
				24F455E028355156002DDED5 /* SceneManager.swift in Sources */,
				24F3C2B0282C3634007CE541 /* GreenPowerUp.swift in Sources */,
				24D0B271281EAD8200F5C643 /* Island.swift in Sources */,
				24F5096628297916003C60DA /* PowerUp.swift in Sources */,
				24A9BE632836B00C0094AB1D /* BestScene.swift in Sources */,
				24FF9D3328310E4D00BACAD6 /* BitMaskCategory.swift in Sources */,
				24EE6C46282D8C12003164A4 /* MenuScene.swift in Sources */,
				24F455E228355C87002DDED5 /* ParentScene.swift in Sources */,
				24F455DE28354DFE002DDED5 /* PauseScene.swift in Sources */,
				24F25FEC2832D4C1009E910F /* HUD.swift in Sources */,
				24F3C2B5282C3BFC007CE541 /* Shot.swift in Sources */,
				24D0B258281E5BA300F5C643 /* AppDelegate.swift in Sources */,
				24F25FF42832D9B2009E910F /* ButtonNode.swift in Sources */,
				24F455E428355FA4002DDED5 /* OptionsScene.swift in Sources */,
			);
			runOnlyForDeploymentPostprocessing = 0;
		};
/* End PBXSourcesBuildPhase section */

/* Begin PBXVariantGroup section */
		24D0B261281E5BA300F5C643 /* Main.storyboard */ = {
			isa = PBXVariantGroup;
			children = (
				24D0B262281E5BA300F5C643 /* Base */,
			);
			name = Main.storyboard;
			sourceTree = "<group>";
		};
		24D0B266281E5BA500F5C643 /* LaunchScreen.storyboard */ = {
			isa = PBXVariantGroup;
			children = (
				24D0B267281E5BA500F5C643 /* Base */,
			);
			name = LaunchScreen.storyboard;
			sourceTree = "<group>";
		};
/* End PBXVariantGroup section */

/* Begin XCBuildConfiguration section */
		24D0B269281E5BA500F5C643 /* Debug */ = {
			isa = XCBuildConfiguration;
			buildSettings = {
				ALWAYS_SEARCH_USER_PATHS = NO;
				CLANG_ANALYZER_NONNULL = YES;
				CLANG_ANALYZER_NUMBER_OBJECT_CONVERSION = YES_AGGRESSIVE;
				CLANG_CXX_LANGUAGE_STANDARD = "gnu++17";
				CLANG_ENABLE_MODULES = YES;
				CLANG_ENABLE_OBJC_ARC = YES;
				CLANG_ENABLE_OBJC_WEAK = YES;
				CLANG_WARN_BLOCK_CAPTURE_AUTORELEASING = YES;
				CLANG_WARN_BOOL_CONVERSION = YES;
				CLANG_WARN_COMMA = YES;
				CLANG_WARN_CONSTANT_CONVERSION = YES;
				CLANG_WARN_DEPRECATED_OBJC_IMPLEMENTATIONS = YES;
				CLANG_WARN_DIRECT_OBJC_ISA_USAGE = YES_ERROR;
				CLANG_WARN_DOCUMENTATION_COMMENTS = YES;
				CLANG_WARN_EMPTY_BODY = YES;
				CLANG_WARN_ENUM_CONVERSION = YES;
				CLANG_WARN_INFINITE_RECURSION = YES;
				CLANG_WARN_INT_CONVERSION = YES;
				CLANG_WARN_NON_LITERAL_NULL_CONVERSION = YES;
				CLANG_WARN_OBJC_IMPLICIT_RETAIN_SELF = YES;
				CLANG_WARN_OBJC_LITERAL_CONVERSION = YES;
				CLANG_WARN_OBJC_ROOT_CLASS = YES_ERROR;
				CLANG_WARN_QUOTED_INCLUDE_IN_FRAMEWORK_HEADER = YES;
				CLANG_WARN_RANGE_LOOP_ANALYSIS = YES;
				CLANG_WARN_STRICT_PROTOTYPES = YES;
				CLANG_WARN_SUSPICIOUS_MOVE = YES;
				CLANG_WARN_UNGUARDED_AVAILABILITY = YES_AGGRESSIVE;
				CLANG_WARN_UNREACHABLE_CODE = YES;
				CLANG_WARN__DUPLICATE_METHOD_MATCH = YES;
				COPY_PHASE_STRIP = NO;
				DEBUG_INFORMATION_FORMAT = dwarf;
				ENABLE_STRICT_OBJC_MSGSEND = YES;
				ENABLE_TESTABILITY = YES;
				GCC_C_LANGUAGE_STANDARD = gnu11;
				GCC_DYNAMIC_NO_PIC = NO;
				GCC_NO_COMMON_BLOCKS = YES;
				GCC_OPTIMIZATION_LEVEL = 0;
				GCC_PREPROCESSOR_DEFINITIONS = (
					"DEBUG=1",
					"$(inherited)",
				);
				GCC_WARN_64_TO_32_BIT_CONVERSION = YES;
				GCC_WARN_ABOUT_RETURN_TYPE = YES_ERROR;
				GCC_WARN_UNDECLARED_SELECTOR = YES;
				GCC_WARN_UNINITIALIZED_AUTOS = YES_AGGRESSIVE;
				GCC_WARN_UNUSED_FUNCTION = YES;
				GCC_WARN_UNUSED_VARIABLE = YES;
				IPHONEOS_DEPLOYMENT_TARGET = 15.4;
				MTL_ENABLE_DEBUG_INFO = INCLUDE_SOURCE;
				MTL_FAST_MATH = YES;
				ONLY_ACTIVE_ARCH = YES;
				SDKROOT = iphoneos;
				SWIFT_ACTIVE_COMPILATION_CONDITIONS = DEBUG;
				SWIFT_OPTIMIZATION_LEVEL = "-Onone";
			};
			name = Debug;
		};
		24D0B26A281E5BA500F5C643 /* Release */ = {
			isa = XCBuildConfiguration;
			buildSettings = {
				ALWAYS_SEARCH_USER_PATHS = NO;
				CLANG_ANALYZER_NONNULL = YES;
				CLANG_ANALYZER_NUMBER_OBJECT_CONVERSION = YES_AGGRESSIVE;
				CLANG_CXX_LANGUAGE_STANDARD = "gnu++17";
				CLANG_ENABLE_MODULES = YES;
				CLANG_ENABLE_OBJC_ARC = YES;
				CLANG_ENABLE_OBJC_WEAK = YES;
				CLANG_WARN_BLOCK_CAPTURE_AUTORELEASING = YES;
				CLANG_WARN_BOOL_CONVERSION = YES;
				CLANG_WARN_COMMA = YES;
				CLANG_WARN_CONSTANT_CONVERSION = YES;
				CLANG_WARN_DEPRECATED_OBJC_IMPLEMENTATIONS = YES;
				CLANG_WARN_DIRECT_OBJC_ISA_USAGE = YES_ERROR;
				CLANG_WARN_DOCUMENTATION_COMMENTS = YES;
				CLANG_WARN_EMPTY_BODY = YES;
				CLANG_WARN_ENUM_CONVERSION = YES;
				CLANG_WARN_INFINITE_RECURSION = YES;
				CLANG_WARN_INT_CONVERSION = YES;
				CLANG_WARN_NON_LITERAL_NULL_CONVERSION = YES;
				CLANG_WARN_OBJC_IMPLICIT_RETAIN_SELF = YES;
				CLANG_WARN_OBJC_LITERAL_CONVERSION = YES;
				CLANG_WARN_OBJC_ROOT_CLASS = YES_ERROR;
				CLANG_WARN_QUOTED_INCLUDE_IN_FRAMEWORK_HEADER = YES;
				CLANG_WARN_RANGE_LOOP_ANALYSIS = YES;
				CLANG_WARN_STRICT_PROTOTYPES = YES;
				CLANG_WARN_SUSPICIOUS_MOVE = YES;
				CLANG_WARN_UNGUARDED_AVAILABILITY = YES_AGGRESSIVE;
				CLANG_WARN_UNREACHABLE_CODE = YES;
				CLANG_WARN__DUPLICATE_METHOD_MATCH = YES;
				COPY_PHASE_STRIP = NO;
				DEBUG_INFORMATION_FORMAT = "dwarf-with-dsym";
				ENABLE_NS_ASSERTIONS = NO;
				ENABLE_STRICT_OBJC_MSGSEND = YES;
				GCC_C_LANGUAGE_STANDARD = gnu11;
				GCC_NO_COMMON_BLOCKS = YES;
				GCC_WARN_64_TO_32_BIT_CONVERSION = YES;
				GCC_WARN_ABOUT_RETURN_TYPE = YES_ERROR;
				GCC_WARN_UNDECLARED_SELECTOR = YES;
				GCC_WARN_UNINITIALIZED_AUTOS = YES_AGGRESSIVE;
				GCC_WARN_UNUSED_FUNCTION = YES;
				GCC_WARN_UNUSED_VARIABLE = YES;
				IPHONEOS_DEPLOYMENT_TARGET = 15.4;
				MTL_ENABLE_DEBUG_INFO = NO;
				MTL_FAST_MATH = YES;
				SDKROOT = iphoneos;
				SWIFT_COMPILATION_MODE = wholemodule;
				SWIFT_OPTIMIZATION_LEVEL = "-O";
				VALIDATE_PRODUCT = YES;
			};
			name = Release;
		};
		24D0B26C281E5BA500F5C643 /* Debug */ = {
			isa = XCBuildConfiguration;
			buildSettings = {
				ASSETCATALOG_COMPILER_APPICON_NAME = AppIcon;
				ASSETCATALOG_COMPILER_GLOBAL_ACCENT_COLOR_NAME = AccentColor;
				CODE_SIGN_STYLE = Automatic;
				CURRENT_PROJECT_VERSION = 1;
				DEVELOPMENT_TEAM = JX58TZDTX7;
				GENERATE_INFOPLIST_FILE = YES;
				INFOPLIST_KEY_UIApplicationSupportsIndirectInputEvents = YES;
				INFOPLIST_KEY_UILaunchStoryboardName = LaunchScreen;
				INFOPLIST_KEY_UIMainStoryboardFile = Main;
				INFOPLIST_KEY_UIStatusBarHidden = YES;
				INFOPLIST_KEY_UISupportedInterfaceOrientations = "UIInterfaceOrientationPortrait UIInterfaceOrientationPortraitUpsideDown";
				INFOPLIST_KEY_UISupportedInterfaceOrientations_iPad = "UIInterfaceOrientationPortrait UIInterfaceOrientationPortraitUpsideDown UIInterfaceOrientationLandscapeLeft UIInterfaceOrientationLandscapeRight";
				INFOPLIST_KEY_UISupportedInterfaceOrientations_iPhone = "UIInterfaceOrientationPortrait UIInterfaceOrientationLandscapeLeft UIInterfaceOrientationLandscapeRight";
				LD_RUNPATH_SEARCH_PATHS = (
					"$(inherited)",
					"@executable_path/Frameworks",
				);
				MARKETING_VERSION = 1.0;
				PRODUCT_BUNDLE_IDENTIFIER = blade8323.WarFly;
				PRODUCT_NAME = "$(TARGET_NAME)";
				SWIFT_EMIT_LOC_STRINGS = YES;
				SWIFT_VERSION = 5.0;
				TARGETED_DEVICE_FAMILY = "1,2";
			};
			name = Debug;
		};
		24D0B26D281E5BA500F5C643 /* Release */ = {
			isa = XCBuildConfiguration;
			buildSettings = {
				ASSETCATALOG_COMPILER_APPICON_NAME = AppIcon;
				ASSETCATALOG_COMPILER_GLOBAL_ACCENT_COLOR_NAME = AccentColor;
				CODE_SIGN_STYLE = Automatic;
				CURRENT_PROJECT_VERSION = 1;
				DEVELOPMENT_TEAM = JX58TZDTX7;
				GENERATE_INFOPLIST_FILE = YES;
				INFOPLIST_KEY_UIApplicationSupportsIndirectInputEvents = YES;
				INFOPLIST_KEY_UILaunchStoryboardName = LaunchScreen;
				INFOPLIST_KEY_UIMainStoryboardFile = Main;
				INFOPLIST_KEY_UIStatusBarHidden = YES;
				INFOPLIST_KEY_UISupportedInterfaceOrientations = "UIInterfaceOrientationPortrait UIInterfaceOrientationPortraitUpsideDown";
				INFOPLIST_KEY_UISupportedInterfaceOrientations_iPad = "UIInterfaceOrientationPortrait UIInterfaceOrientationPortraitUpsideDown UIInterfaceOrientationLandscapeLeft UIInterfaceOrientationLandscapeRight";
				INFOPLIST_KEY_UISupportedInterfaceOrientations_iPhone = "UIInterfaceOrientationPortrait UIInterfaceOrientationLandscapeLeft UIInterfaceOrientationLandscapeRight";
				LD_RUNPATH_SEARCH_PATHS = (
					"$(inherited)",
					"@executable_path/Frameworks",
				);
				MARKETING_VERSION = 1.0;
				PRODUCT_BUNDLE_IDENTIFIER = blade8323.WarFly;
				PRODUCT_NAME = "$(TARGET_NAME)";
				SWIFT_EMIT_LOC_STRINGS = YES;
				SWIFT_VERSION = 5.0;
				TARGETED_DEVICE_FAMILY = "1,2";
			};
			name = Release;
		};
/* End XCBuildConfiguration section */

/* Begin XCConfigurationList section */
		24D0B24F281E5BA300F5C643 /* Build configuration list for PBXProject "WarFly" */ = {
			isa = XCConfigurationList;
			buildConfigurations = (
				24D0B269281E5BA500F5C643 /* Debug */,
				24D0B26A281E5BA500F5C643 /* Release */,
			);
			defaultConfigurationIsVisible = 0;
			defaultConfigurationName = Release;
		};
		24D0B26B281E5BA500F5C643 /* Build configuration list for PBXNativeTarget "WarFly" */ = {
			isa = XCConfigurationList;
			buildConfigurations = (
				24D0B26C281E5BA500F5C643 /* Debug */,
				24D0B26D281E5BA500F5C643 /* Release */,
			);
			defaultConfigurationIsVisible = 0;
			defaultConfigurationName = Release;
		};
/* End XCConfigurationList section */
	};
	rootObject = 24D0B24C281E5BA300F5C643 /* Project object */;
}
